// !$*UTF8*$!
{
	archiveVersion = 1;
	classes = {
	};
	objectVersion = 50;
	objects = {

/* Begin PBXBuildFile section */
		1726FB7423F9D0980095DD07 /* Network.swift in Sources */ = {isa = PBXBuildFile; fileRef = 1726FB7323F9D0980095DD07 /* Network.swift */; };
		1726FB7623F9D0AD0095DD07 /* NetworkProtocols.swift in Sources */ = {isa = PBXBuildFile; fileRef = 1726FB7523F9D0AD0095DD07 /* NetworkProtocols.swift */; };
		1726FB7823F9D0C50095DD07 /* ApiError.swift in Sources */ = {isa = PBXBuildFile; fileRef = 1726FB7723F9D0C50095DD07 /* ApiError.swift */; };
		1726FB7C23F9D4AD0095DD07 /* RepositoriesListViewController.swift in Sources */ = {isa = PBXBuildFile; fileRef = 1726FB7B23F9D4AD0095DD07 /* RepositoriesListViewController.swift */; };
		1726FB7E23F9D5100095DD07 /* RepositoriesListView.swift in Sources */ = {isa = PBXBuildFile; fileRef = 1726FB7D23F9D5100095DD07 /* RepositoriesListView.swift */; };
		1726FB8123F9DAC20095DD07 /* RepositoriesListService.swift in Sources */ = {isa = PBXBuildFile; fileRef = 1726FB8023F9DAC20095DD07 /* RepositoriesListService.swift */; };
		1726FB8323FA06CE0095DD07 /* RepositoryTableViewCell.swift in Sources */ = {isa = PBXBuildFile; fileRef = 1726FB8223FA06CE0095DD07 /* RepositoryTableViewCell.swift */; };
		1726FB8523FA103B0095DD07 /* RepositoriesResponse.swift in Sources */ = {isa = PBXBuildFile; fileRef = 1726FB8423FA103B0095DD07 /* RepositoriesResponse.swift */; };
		1726FB8823FA14440095DD07 /* LoadableImageView.swift in Sources */ = {isa = PBXBuildFile; fileRef = 1726FB8723FA14440095DD07 /* LoadableImageView.swift */; };
		1726FB8A23FA16B70095DD07 /* ImageService.swift in Sources */ = {isa = PBXBuildFile; fileRef = 1726FB8923FA16B70095DD07 /* ImageService.swift */; };
		1799494923F9BD4F0003F784 /* AppDelegate.swift in Sources */ = {isa = PBXBuildFile; fileRef = 1799494823F9BD4F0003F784 /* AppDelegate.swift */; };
		1799494B23F9BD4F0003F784 /* SceneDelegate.swift in Sources */ = {isa = PBXBuildFile; fileRef = 1799494A23F9BD4F0003F784 /* SceneDelegate.swift */; };
		1799495223F9BD520003F784 /* Assets.xcassets in Resources */ = {isa = PBXBuildFile; fileRef = 1799495123F9BD520003F784 /* Assets.xcassets */; };
		1799495523F9BD520003F784 /* LaunchScreen.storyboard in Resources */ = {isa = PBXBuildFile; fileRef = 1799495323F9BD520003F784 /* LaunchScreen.storyboard */; };
/* End PBXBuildFile section */

/* Begin PBXFileReference section */
		1726FB7323F9D0980095DD07 /* Network.swift */ = {isa = PBXFileReference; lastKnownFileType = sourcecode.swift; path = Network.swift; sourceTree = "<group>"; };
		1726FB7523F9D0AD0095DD07 /* NetworkProtocols.swift */ = {isa = PBXFileReference; lastKnownFileType = sourcecode.swift; path = NetworkProtocols.swift; sourceTree = "<group>"; };
		1726FB7723F9D0C50095DD07 /* ApiError.swift */ = {isa = PBXFileReference; lastKnownFileType = sourcecode.swift; path = ApiError.swift; sourceTree = "<group>"; };
		1726FB7B23F9D4AD0095DD07 /* RepositoriesListViewController.swift */ = {isa = PBXFileReference; lastKnownFileType = sourcecode.swift; path = RepositoriesListViewController.swift; sourceTree = "<group>"; };
		1726FB7D23F9D5100095DD07 /* RepositoriesListView.swift */ = {isa = PBXFileReference; lastKnownFileType = sourcecode.swift; path = RepositoriesListView.swift; sourceTree = "<group>"; };
		1726FB8023F9DAC20095DD07 /* RepositoriesListService.swift */ = {isa = PBXFileReference; lastKnownFileType = sourcecode.swift; path = RepositoriesListService.swift; sourceTree = "<group>"; };
		1726FB8223FA06CE0095DD07 /* RepositoryTableViewCell.swift */ = {isa = PBXFileReference; lastKnownFileType = sourcecode.swift; path = RepositoryTableViewCell.swift; sourceTree = "<group>"; };
		1726FB8423FA103B0095DD07 /* RepositoriesResponse.swift */ = {isa = PBXFileReference; lastKnownFileType = sourcecode.swift; path = RepositoriesResponse.swift; sourceTree = "<group>"; };
		1726FB8723FA14440095DD07 /* LoadableImageView.swift */ = {isa = PBXFileReference; lastKnownFileType = sourcecode.swift; path = LoadableImageView.swift; sourceTree = "<group>"; };
		1726FB8923FA16B70095DD07 /* ImageService.swift */ = {isa = PBXFileReference; lastKnownFileType = sourcecode.swift; path = ImageService.swift; sourceTree = "<group>"; };
		1799494523F9BD4F0003F784 /* WiremockExample.app */ = {isa = PBXFileReference; explicitFileType = wrapper.application; includeInIndex = 0; path = WiremockExample.app; sourceTree = BUILT_PRODUCTS_DIR; };
		1799494823F9BD4F0003F784 /* AppDelegate.swift */ = {isa = PBXFileReference; lastKnownFileType = sourcecode.swift; path = AppDelegate.swift; sourceTree = "<group>"; };
		1799494A23F9BD4F0003F784 /* SceneDelegate.swift */ = {isa = PBXFileReference; lastKnownFileType = sourcecode.swift; path = SceneDelegate.swift; sourceTree = "<group>"; };
		1799495123F9BD520003F784 /* Assets.xcassets */ = {isa = PBXFileReference; lastKnownFileType = folder.assetcatalog; path = Assets.xcassets; sourceTree = "<group>"; };
		1799495423F9BD520003F784 /* Base */ = {isa = PBXFileReference; lastKnownFileType = file.storyboard; name = Base; path = Base.lproj/LaunchScreen.storyboard; sourceTree = "<group>"; };
		1799495623F9BD520003F784 /* Info.plist */ = {isa = PBXFileReference; lastKnownFileType = text.plist.xml; path = Info.plist; sourceTree = "<group>"; };
/* End PBXFileReference section */

/* Begin PBXFrameworksBuildPhase section */
		1799494223F9BD4F0003F784 /* Frameworks */ = {
			isa = PBXFrameworksBuildPhase;
			buildActionMask = 2147483647;
			files = (
			);
			runOnlyForDeploymentPostprocessing = 0;
		};
/* End PBXFrameworksBuildPhase section */

/* Begin PBXGroup section */
		1726FB7223F9D0670095DD07 /* Network */ = {
			isa = PBXGroup;
			children = (
				1726FB7323F9D0980095DD07 /* Network.swift */,
				1726FB7523F9D0AD0095DD07 /* NetworkProtocols.swift */,
				1726FB7723F9D0C50095DD07 /* ApiError.swift */,
			);
			path = Network;
			sourceTree = "<group>";
		};
		1726FB7923F9D10E0095DD07 /* SupportingFiles */ = {
			isa = PBXGroup;
			children = (
				1799495123F9BD520003F784 /* Assets.xcassets */,
				1799495323F9BD520003F784 /* LaunchScreen.storyboard */,
				1799495623F9BD520003F784 /* Info.plist */,
			);
			path = SupportingFiles;
			sourceTree = "<group>";
		};
		1726FB7A23F9D4410095DD07 /* Scenes */ = {
			isa = PBXGroup;
			children = (
				1726FB7F23F9D9F00095DD07 /* RepositoriesList */,
			);
			path = Scenes;
			sourceTree = "<group>";
		};
		1726FB7F23F9D9F00095DD07 /* RepositoriesList */ = {
			isa = PBXGroup;
			children = (
				1726FB7D23F9D5100095DD07 /* RepositoriesListView.swift */,
				1726FB8223FA06CE0095DD07 /* RepositoryTableViewCell.swift */,
				1726FB7B23F9D4AD0095DD07 /* RepositoriesListViewController.swift */,
				1726FB8023F9DAC20095DD07 /* RepositoriesListService.swift */,
				1726FB8423FA103B0095DD07 /* RepositoriesResponse.swift */,
			);
			path = RepositoriesList;
			sourceTree = "<group>";
		};
		1726FB8623FA12D70095DD07 /* ImageView */ = {
			isa = PBXGroup;
			children = (
				1726FB8723FA14440095DD07 /* LoadableImageView.swift */,
				1726FB8923FA16B70095DD07 /* ImageService.swift */,
			);
			path = ImageView;
			sourceTree = "<group>";
		};
		1799493C23F9BD4F0003F784 = {
			isa = PBXGroup;
			children = (
				1799494723F9BD4F0003F784 /* WiremockExample */,
				1799494623F9BD4F0003F784 /* Products */,
			);
			sourceTree = "<group>";
		};
		1799494623F9BD4F0003F784 /* Products */ = {
			isa = PBXGroup;
			children = (
				1799494523F9BD4F0003F784 /* WiremockExample.app */,
			);
			name = Products;
			sourceTree = "<group>";
		};
		1799494723F9BD4F0003F784 /* WiremockExample */ = {
			isa = PBXGroup;
			children = (
				1799494823F9BD4F0003F784 /* AppDelegate.swift */,
				1799494A23F9BD4F0003F784 /* SceneDelegate.swift */,
				1726FB7923F9D10E0095DD07 /* SupportingFiles */,
				1726FB8623FA12D70095DD07 /* ImageView */,
				1726FB7223F9D0670095DD07 /* Network */,
				1726FB7A23F9D4410095DD07 /* Scenes */,
			);
			path = WiremockExample;
			sourceTree = "<group>";
		};
/* End PBXGroup section */

/* Begin PBXNativeTarget section */
		1799494423F9BD4F0003F784 /* WiremockExample */ = {
			isa = PBXNativeTarget;
			buildConfigurationList = 1799495923F9BD520003F784 /* Build configuration list for PBXNativeTarget "WiremockExample" */;
			buildPhases = (
				1799494123F9BD4F0003F784 /* Sources */,
				1799494223F9BD4F0003F784 /* Frameworks */,
				1799494323F9BD4F0003F784 /* Resources */,
			);
			buildRules = (
			);
			dependencies = (
			);
			name = WiremockExample;
			productName = WiremockExample;
			productReference = 1799494523F9BD4F0003F784 /* WiremockExample.app */;
			productType = "com.apple.product-type.application";
		};
/* End PBXNativeTarget section */

/* Begin PBXProject section */
		1799493D23F9BD4F0003F784 /* Project object */ = {
			isa = PBXProject;
			attributes = {
				LastSwiftUpdateCheck = 1130;
				LastUpgradeCheck = 1130;
				ORGANIZATIONNAME = "Guilherme Bayma";
				TargetAttributes = {
					1799494423F9BD4F0003F784 = {
						CreatedOnToolsVersion = 11.3.1;
					};
				};
			};
			buildConfigurationList = 1799494023F9BD4F0003F784 /* Build configuration list for PBXProject "WiremockExample" */;
			compatibilityVersion = "Xcode 9.3";
			developmentRegion = en;
			hasScannedForEncodings = 0;
			knownRegions = (
				en,
				Base,
			);
			mainGroup = 1799493C23F9BD4F0003F784;
			productRefGroup = 1799494623F9BD4F0003F784 /* Products */;
			projectDirPath = "";
			projectRoot = "";
			targets = (
				1799494423F9BD4F0003F784 /* WiremockExample */,
			);
		};
/* End PBXProject section */

/* Begin PBXResourcesBuildPhase section */
		1799494323F9BD4F0003F784 /* Resources */ = {
			isa = PBXResourcesBuildPhase;
			buildActionMask = 2147483647;
			files = (
				1799495523F9BD520003F784 /* LaunchScreen.storyboard in Resources */,
				1799495223F9BD520003F784 /* Assets.xcassets in Resources */,
			);
			runOnlyForDeploymentPostprocessing = 0;
		};
/* End PBXResourcesBuildPhase section */

/* Begin PBXSourcesBuildPhase section */
		1799494123F9BD4F0003F784 /* Sources */ = {
			isa = PBXSourcesBuildPhase;
			buildActionMask = 2147483647;
			files = (
				1726FB8523FA103B0095DD07 /* RepositoriesResponse.swift in Sources */,
				1726FB8823FA14440095DD07 /* LoadableImageView.swift in Sources */,
				1726FB8323FA06CE0095DD07 /* RepositoryTableViewCell.swift in Sources */,
				1799494923F9BD4F0003F784 /* AppDelegate.swift in Sources */,
				1726FB7423F9D0980095DD07 /* Network.swift in Sources */,
				1726FB8A23FA16B70095DD07 /* ImageService.swift in Sources */,
				1799494B23F9BD4F0003F784 /* SceneDelegate.swift in Sources */,
				1726FB7C23F9D4AD0095DD07 /* RepositoriesListViewController.swift in Sources */,
				1726FB7623F9D0AD0095DD07 /* NetworkProtocols.swift in Sources */,
				1726FB8123F9DAC20095DD07 /* RepositoriesListService.swift in Sources */,
				1726FB7E23F9D5100095DD07 /* RepositoriesListView.swift in Sources */,
				1726FB7823F9D0C50095DD07 /* ApiError.swift in Sources */,
			);
			runOnlyForDeploymentPostprocessing = 0;
		};
/* End PBXSourcesBuildPhase section */

/* Begin PBXVariantGroup section */
		1799495323F9BD520003F784 /* LaunchScreen.storyboard */ = {
			isa = PBXVariantGroup;
			children = (
				1799495423F9BD520003F784 /* Base */,
			);
			name = LaunchScreen.storyboard;
			sourceTree = "<group>";
		};
/* End PBXVariantGroup section */

/* Begin XCBuildConfiguration section */
		1726FB9B2401870A0095DD07 /* Mock */ = {
			isa = XCBuildConfiguration;
			buildSettings = {
				ALWAYS_SEARCH_USER_PATHS = NO;
				CLANG_ANALYZER_NONNULL = YES;
				CLANG_ANALYZER_NUMBER_OBJECT_CONVERSION = YES_AGGRESSIVE;
				CLANG_CXX_LANGUAGE_STANDARD = "gnu++14";
				CLANG_CXX_LIBRARY = "libc++";
				CLANG_ENABLE_MODULES = YES;
				CLANG_ENABLE_OBJC_ARC = YES;
				CLANG_ENABLE_OBJC_WEAK = YES;
				CLANG_WARN_BLOCK_CAPTURE_AUTORELEASING = YES;
				CLANG_WARN_BOOL_CONVERSION = YES;
				CLANG_WARN_COMMA = YES;
				CLANG_WARN_CONSTANT_CONVERSION = YES;
				CLANG_WARN_DEPRECATED_OBJC_IMPLEMENTATIONS = YES;
				CLANG_WARN_DIRECT_OBJC_ISA_USAGE = YES_ERROR;
				CLANG_WARN_DOCUMENTATION_COMMENTS = YES;
				CLANG_WARN_EMPTY_BODY = YES;
				CLANG_WARN_ENUM_CONVERSION = YES;
				CLANG_WARN_INFINITE_RECURSION = YES;
				CLANG_WARN_INT_CONVERSION = YES;
				CLANG_WARN_NON_LITERAL_NULL_CONVERSION = YES;
				CLANG_WARN_OBJC_IMPLICIT_RETAIN_SELF = YES;
				CLANG_WARN_OBJC_LITERAL_CONVERSION = YES;
				CLANG_WARN_OBJC_ROOT_CLASS = YES_ERROR;
				CLANG_WARN_RANGE_LOOP_ANALYSIS = YES;
				CLANG_WARN_STRICT_PROTOTYPES = YES;
				CLANG_WARN_SUSPICIOUS_MOVE = YES;
				CLANG_WARN_UNGUARDED_AVAILABILITY = YES_AGGRESSIVE;
				CLANG_WARN_UNREACHABLE_CODE = YES;
				CLANG_WARN__DUPLICATE_METHOD_MATCH = YES;
				COPY_PHASE_STRIP = NO;
				DEBUG_INFORMATION_FORMAT = dwarf;
				ENABLE_STRICT_OBJC_MSGSEND = YES;
				ENABLE_TESTABILITY = YES;
				GCC_C_LANGUAGE_STANDARD = gnu11;
				GCC_DYNAMIC_NO_PIC = NO;
				GCC_NO_COMMON_BLOCKS = YES;
				GCC_OPTIMIZATION_LEVEL = 0;
				GCC_PREPROCESSOR_DEFINITIONS = (
					"DEBUG=1",
					"$(inherited)",
				);
				GCC_WARN_64_TO_32_BIT_CONVERSION = YES;
				GCC_WARN_ABOUT_RETURN_TYPE = YES_ERROR;
				GCC_WARN_UNDECLARED_SELECTOR = YES;
				GCC_WARN_UNINITIALIZED_AUTOS = YES_AGGRESSIVE;
				GCC_WARN_UNUSED_FUNCTION = YES;
				GCC_WARN_UNUSED_VARIABLE = YES;
				IPHONEOS_DEPLOYMENT_TARGET = 13.2;
				MTL_ENABLE_DEBUG_INFO = INCLUDE_SOURCE;
				MTL_FAST_MATH = YES;
				ONLY_ACTIVE_ARCH = YES;
				SDKROOT = iphoneos;
				SWIFT_ACTIVE_COMPILATION_CONDITIONS = DEBUG;
				SWIFT_OPTIMIZATION_LEVEL = "-Onone";
			};
			name = Mock;
		};
		1726FB9C2401870A0095DD07 /* Mock */ = {
			isa = XCBuildConfiguration;
			buildSettings = {
				ASSETCATALOG_COMPILER_APPICON_NAME = AppIcon;
				BASE_URL = "http://localhost:336";
				CODE_SIGN_STYLE = Automatic;
				DISPLAY_NAME = WiremockMock;
				INFOPLIST_FILE = "$(SRCROOT)/WiremockExample/SupportingFiles/Info.plist";
				LD_RUNPATH_SEARCH_PATHS = (
					"$(inherited)",
					"@executable_path/Frameworks",
				);
				PRODUCT_BUNDLE_IDENTIFIER = br.com.bayma.WiremockExample;
				PRODUCT_NAME = "$(TARGET_NAME)";
				SWIFT_VERSION = 5.0;
				TARGETED_DEVICE_FAMILY = "1,2";
			};
			name = Mock;
		};
		1799495723F9BD520003F784 /* Debug */ = {
			isa = XCBuildConfiguration;
			buildSettings = {
				ALWAYS_SEARCH_USER_PATHS = NO;
				CLANG_ANALYZER_NONNULL = YES;
				CLANG_ANALYZER_NUMBER_OBJECT_CONVERSION = YES_AGGRESSIVE;
				CLANG_CXX_LANGUAGE_STANDARD = "gnu++14";
				CLANG_CXX_LIBRARY = "libc++";
				CLANG_ENABLE_MODULES = YES;
				CLANG_ENABLE_OBJC_ARC = YES;
				CLANG_ENABLE_OBJC_WEAK = YES;
				CLANG_WARN_BLOCK_CAPTURE_AUTORELEASING = YES;
				CLANG_WARN_BOOL_CONVERSION = YES;
				CLANG_WARN_COMMA = YES;
				CLANG_WARN_CONSTANT_CONVERSION = YES;
				CLANG_WARN_DEPRECATED_OBJC_IMPLEMENTATIONS = YES;
				CLANG_WARN_DIRECT_OBJC_ISA_USAGE = YES_ERROR;
				CLANG_WARN_DOCUMENTATION_COMMENTS = YES;
				CLANG_WARN_EMPTY_BODY = YES;
				CLANG_WARN_ENUM_CONVERSION = YES;
				CLANG_WARN_INFINITE_RECURSION = YES;
				CLANG_WARN_INT_CONVERSION = YES;
				CLANG_WARN_NON_LITERAL_NULL_CONVERSION = YES;
				CLANG_WARN_OBJC_IMPLICIT_RETAIN_SELF = YES;
				CLANG_WARN_OBJC_LITERAL_CONVERSION = YES;
				CLANG_WARN_OBJC_ROOT_CLASS = YES_ERROR;
				CLANG_WARN_RANGE_LOOP_ANALYSIS = YES;
				CLANG_WARN_STRICT_PROTOTYPES = YES;
				CLANG_WARN_SUSPICIOUS_MOVE = YES;
				CLANG_WARN_UNGUARDED_AVAILABILITY = YES_AGGRESSIVE;
				CLANG_WARN_UNREACHABLE_CODE = YES;
				CLANG_WARN__DUPLICATE_METHOD_MATCH = YES;
				COPY_PHASE_STRIP = NO;
				DEBUG_INFORMATION_FORMAT = dwarf;
				ENABLE_STRICT_OBJC_MSGSEND = YES;
				ENABLE_TESTABILITY = YES;
				GCC_C_LANGUAGE_STANDARD = gnu11;
				GCC_DYNAMIC_NO_PIC = NO;
				GCC_NO_COMMON_BLOCKS = YES;
				GCC_OPTIMIZATION_LEVEL = 0;
				GCC_PREPROCESSOR_DEFINITIONS = (
					"DEBUG=1",
					"$(inherited)",
				);
				GCC_WARN_64_TO_32_BIT_CONVERSION = YES;
				GCC_WARN_ABOUT_RETURN_TYPE = YES_ERROR;
				GCC_WARN_UNDECLARED_SELECTOR = YES;
				GCC_WARN_UNINITIALIZED_AUTOS = YES_AGGRESSIVE;
				GCC_WARN_UNUSED_FUNCTION = YES;
				GCC_WARN_UNUSED_VARIABLE = YES;
				IPHONEOS_DEPLOYMENT_TARGET = 13.2;
				MTL_ENABLE_DEBUG_INFO = INCLUDE_SOURCE;
				MTL_FAST_MATH = YES;
				ONLY_ACTIVE_ARCH = YES;
				SDKROOT = iphoneos;
				SWIFT_ACTIVE_COMPILATION_CONDITIONS = DEBUG;
				SWIFT_OPTIMIZATION_LEVEL = "-Onone";
			};
			name = Debug;
		};
		1799495823F9BD520003F784 /* Release */ = {
			isa = XCBuildConfiguration;
			buildSettings = {
				ALWAYS_SEARCH_USER_PATHS = NO;
				CLANG_ANALYZER_NONNULL = YES;
				CLANG_ANALYZER_NUMBER_OBJECT_CONVERSION = YES_AGGRESSIVE;
				CLANG_CXX_LANGUAGE_STANDARD = "gnu++14";
				CLANG_CXX_LIBRARY = "libc++";
				CLANG_ENABLE_MODULES = YES;
				CLANG_ENABLE_OBJC_ARC = YES;
				CLANG_ENABLE_OBJC_WEAK = YES;
				CLANG_WARN_BLOCK_CAPTURE_AUTORELEASING = YES;
				CLANG_WARN_BOOL_CONVERSION = YES;
				CLANG_WARN_COMMA = YES;
				CLANG_WARN_CONSTANT_CONVERSION = YES;
				CLANG_WARN_DEPRECATED_OBJC_IMPLEMENTATIONS = YES;
				CLANG_WARN_DIRECT_OBJC_ISA_USAGE = YES_ERROR;
				CLANG_WARN_DOCUMENTATION_COMMENTS = YES;
				CLANG_WARN_EMPTY_BODY = YES;
				CLANG_WARN_ENUM_CONVERSION = YES;
				CLANG_WARN_INFINITE_RECURSION = YES;
				CLANG_WARN_INT_CONVERSION = YES;
				CLANG_WARN_NON_LITERAL_NULL_CONVERSION = YES;
				CLANG_WARN_OBJC_IMPLICIT_RETAIN_SELF = YES;
				CLANG_WARN_OBJC_LITERAL_CONVERSION = YES;
				CLANG_WARN_OBJC_ROOT_CLASS = YES_ERROR;
				CLANG_WARN_RANGE_LOOP_ANALYSIS = YES;
				CLANG_WARN_STRICT_PROTOTYPES = YES;
				CLANG_WARN_SUSPICIOUS_MOVE = YES;
				CLANG_WARN_UNGUARDED_AVAILABILITY = YES_AGGRESSIVE;
				CLANG_WARN_UNREACHABLE_CODE = YES;
				CLANG_WARN__DUPLICATE_METHOD_MATCH = YES;
				COPY_PHASE_STRIP = NO;
				DEBUG_INFORMATION_FORMAT = "dwarf-with-dsym";
				ENABLE_NS_ASSERTIONS = NO;
				ENABLE_STRICT_OBJC_MSGSEND = YES;
				GCC_C_LANGUAGE_STANDARD = gnu11;
				GCC_NO_COMMON_BLOCKS = YES;
				GCC_WARN_64_TO_32_BIT_CONVERSION = YES;
				GCC_WARN_ABOUT_RETURN_TYPE = YES_ERROR;
				GCC_WARN_UNDECLARED_SELECTOR = YES;
				GCC_WARN_UNINITIALIZED_AUTOS = YES_AGGRESSIVE;
				GCC_WARN_UNUSED_FUNCTION = YES;
				GCC_WARN_UNUSED_VARIABLE = YES;
				IPHONEOS_DEPLOYMENT_TARGET = 13.2;
				MTL_ENABLE_DEBUG_INFO = NO;
				MTL_FAST_MATH = YES;
				SDKROOT = iphoneos;
				SWIFT_COMPILATION_MODE = wholemodule;
				SWIFT_OPTIMIZATION_LEVEL = "-O";
				VALIDATE_PRODUCT = YES;
			};
			name = Release;
		};
		1799495A23F9BD520003F784 /* Debug */ = {
			isa = XCBuildConfiguration;
			buildSettings = {
				ASSETCATALOG_COMPILER_APPICON_NAME = AppIcon;
				BASE_URL = "https://api.github.com";
				CODE_SIGN_STYLE = Automatic;
				DISPLAY_NAME = WiremockDebug;
				INFOPLIST_FILE = "$(SRCROOT)/WiremockExample/SupportingFiles/Info.plist";
				LD_RUNPATH_SEARCH_PATHS = (
					"$(inherited)",
					"@executable_path/Frameworks",
				);
				PRODUCT_BUNDLE_IDENTIFIER = br.com.bayma.WiremockExample;
				PRODUCT_NAME = "$(TARGET_NAME)";
				SWIFT_VERSION = 5.0;
				TARGETED_DEVICE_FAMILY = "1,2";
			};
			name = Debug;
		};
		1799495B23F9BD520003F784 /* Release */ = {
			isa = XCBuildConfiguration;
			buildSettings = {
				ASSETCATALOG_COMPILER_APPICON_NAME = AppIcon;
				BASE_URL = "https://api.github.com";
				CODE_SIGN_STYLE = Automatic;
				DISPLAY_NAME = Wiremock;
				INFOPLIST_FILE = "$(SRCROOT)/WiremockExample/SupportingFiles/Info.plist";
				LD_RUNPATH_SEARCH_PATHS = (
					"$(inherited)",
					"@executable_path/Frameworks",
				);
				PRODUCT_BUNDLE_IDENTIFIER = br.com.bayma.WiremockExample;
				PRODUCT_NAME = "$(TARGET_NAME)";
				SWIFT_VERSION = 5.0;
				TARGETED_DEVICE_FAMILY = "1,2";
			};
			name = Release;
		};
/* End XCBuildConfiguration section */

/* Begin XCConfigurationList section */
		1799494023F9BD4F0003F784 /* Build configuration list for PBXProject "WiremockExample" */ = {
			isa = XCConfigurationList;
			buildConfigurations = (
				1799495723F9BD520003F784 /* Debug */,
				1726FB9B2401870A0095DD07 /* Mock */,
				1799495823F9BD520003F784 /* Release */,
			);
			defaultConfigurationIsVisible = 0;
			defaultConfigurationName = Release;
		};
		1799495923F9BD520003F784 /* Build configuration list for PBXNativeTarget "WiremockExample" */ = {
			isa = XCConfigurationList;
			buildConfigurations = (
				1799495A23F9BD520003F784 /* Debug */,
				1726FB9C2401870A0095DD07 /* Mock */,
				1799495B23F9BD520003F784 /* Release */,
			);
			defaultConfigurationIsVisible = 0;
			defaultConfigurationName = Release;
		};
/* End XCConfigurationList section */
	};
	rootObject = 1799493D23F9BD4F0003F784 /* Project object */;
}
